{
  "name": "app",
  "version": "1.0.0",
  "lockfileVersion": 1,
  "requires": true,
  "dependencies": {
    "colored-cli": {
      "version": "0.0.6",
      "resolved": "https://registry.npmjs.org/colored-cli/-/colored-cli-0.0.6.tgz",
      "integrity": "sha512-EfXi6m4nvm5xOk8wjW6+fND7jiicQEl9svrmmqpiS67VMIHs5BMBT/JuvEhVf8LHTfdqd3EdsdDN34UQZMYwLQ=="
    }
  }
}
